
Microsoft Visual Studio Solution File, Format Version 12.00
# Visual Studio Version 17
VisualStudioVersion = 17.5.002.0
MinimumVisualStudioVersion = 10.0.40219.1
Project("{9A19103F-16F7-4668-BE54-9A1E7A4F7556}") = "ne-backend", "ne-backend\ne-backend.csproj", "{FA836F8E-6AED-424F-970D-523CD7772C08}"
EndProject
Global
	GlobalSection(SolutionConfigurationPlatforms) = preSolution
		Debug|Any CPU = Debug|Any CPU
		Release|Any CPU = Release|Any CPU
	EndGlobalSection
	GlobalSection(ProjectConfigurationPlatforms) = postSolution
		{FA836F8E-6AED-424F-970D-523CD7772C08}.Debug|Any CPU.ActiveCfg = Debug|Any CPU
		{FA836F8E-6AED-424F-970D-523CD7772C08}.Debug|Any CPU.Build.0 = Debug|Any CPU
		{FA836F8E-6AED-424F-970D-523CD7772C08}.Release|Any CPU.ActiveCfg = Release|Any CPU
		{FA836F8E-6AED-424F-970D-523CD7772C08}.Release|Any CPU.Build.0 = Release|Any CPU
	EndGlobalSection
	GlobalSection(SolutionProperties) = preSolution
		HideSolutionNode = FALSE
	EndGlobalSection
	GlobalSection(ExtensibilityGlobals) = postSolution
		SolutionGuid = {3E2BDCCA-1C10-4C4D-A0FF-E404AB4F0AAC}
	EndGlobalSection
EndGlobal
